
Microsoft Visual Studio Solution File, Format Version 12.00
# Visual Studio Version 16
VisualStudioVersion = 16.0.30621.155
MinimumVisualStudioVersion = 10.0.40219.1
Project("{FAE04EC0-301F-11D3-BF4B-00C04F79EFBC}") = "DocumentSharingAPI", "DocumentSharingAPI\DocumentSharingAPI.csproj", "{458F2685-D9E0-4F43-9DFC-E8CE3E9B1E19}"
EndProject
Project("{FAE04EC0-301F-11D3-BF4B-00C04F79EFBC}") = "DocumentSharingService", "DocumentSharingService\DocumentSharingService.csproj", "{3013BC34-12E2-4F34-B913-3EEE6B3FBFBA}"
EndProject
Project("{FAE04EC0-301F-11D3-BF4B-00C04F79EFBC}") = "DocumentSharingData", "DocumentSharingData\DocumentSharingData.csproj", "{0182C2AA-B6A3-4EF2-A2A1-ADA900B95E07}"
EndProject
Global
	GlobalSection(SolutionConfigurationPlatforms) = preSolution
		Debug|Any CPU = Debug|Any CPU
		Release|Any CPU = Release|Any CPU
	EndGlobalSection
	GlobalSection(ProjectConfigurationPlatforms) = postSolution
		{458F2685-D9E0-4F43-9DFC-E8CE3E9B1E19}.Debug|Any CPU.ActiveCfg = Debug|Any CPU
		{458F2685-D9E0-4F43-9DFC-E8CE3E9B1E19}.Debug|Any CPU.Build.0 = Debug|Any CPU
		{458F2685-D9E0-4F43-9DFC-E8CE3E9B1E19}.Release|Any CPU.ActiveCfg = Release|Any CPU
		{458F2685-D9E0-4F43-9DFC-E8CE3E9B1E19}.Release|Any CPU.Build.0 = Release|Any CPU
		{3013BC34-12E2-4F34-B913-3EEE6B3FBFBA}.Debug|Any CPU.ActiveCfg = Debug|Any CPU
		{3013BC34-12E2-4F34-B913-3EEE6B3FBFBA}.Debug|Any CPU.Build.0 = Debug|Any CPU
		{3013BC34-12E2-4F34-B913-3EEE6B3FBFBA}.Release|Any CPU.ActiveCfg = Release|Any CPU
		{3013BC34-12E2-4F34-B913-3EEE6B3FBFBA}.Release|Any CPU.Build.0 = Release|Any CPU
		{0182C2AA-B6A3-4EF2-A2A1-ADA900B95E07}.Debug|Any CPU.ActiveCfg = Debug|Any CPU
		{0182C2AA-B6A3-4EF2-A2A1-ADA900B95E07}.Debug|Any CPU.Build.0 = Debug|Any CPU
		{0182C2AA-B6A3-4EF2-A2A1-ADA900B95E07}.Release|Any CPU.ActiveCfg = Release|Any CPU
		{0182C2AA-B6A3-4EF2-A2A1-ADA900B95E07}.Release|Any CPU.Build.0 = Release|Any CPU
	EndGlobalSection
	GlobalSection(SolutionProperties) = preSolution
		HideSolutionNode = FALSE
	EndGlobalSection
	GlobalSection(ExtensibilityGlobals) = postSolution
		SolutionGuid = {A0B6BFD2-F67B-4156-B111-BBBEE5D5BEBA}
	EndGlobalSection
EndGlobal
